# This file is automatically @generated by Cargo.
# It is not intended for manual editing.
version = 3

[[package]]
name = "netrine"
version = "0.1.0"
dependencies = [
 "netrine_core",
 "netrine_syntax",
]

[[package]]
name = "netrine_core"
version = "0.1.0"

[[package]]
name = "netrine_syntax"
version = "0.1.0"
dependencies = [
 "netrine_core",
]
